{
  "name": "@smoxy-io/js-utils",
  "version": "1.0.0",
  "lockfileVersion": 3,
  "requires": true,
  "packages": {
    "": {
      "name": "@smoxy-io/js-utils",
      "version": "1.0.0",
      "license": "MIT",
      "dependencies": {
        "framebus": "^6.0.3",
        "jwt-decode": "^4.0.0",
        "lodash": "^4.17.21"
      }
    },
    "node_modules/@braintree/uuid": {
      "version": "1.0.1",
      "resolved": "https://registry.npmjs.org/@braintree/uuid/-/uuid-1.0.1.tgz",
      "integrity": "sha512-Tgu5GoODkf4oj4aLlVIapEPEfjitIHrg5ftqY6pa5Ghr4ZUA9XtZIIZ6ZPdP9x8/X0lt/FB8tRq83QuCQCwOrA==",
      "license": "ISC"
    },
    "node_modules/framebus": {
      "version": "6.0.3",
      "resolved": "https://registry.npmjs.org/framebus/-/framebus-6.0.3.tgz",
      "integrity": "sha512-G/N2p+kFZ1xPBge7tbtTq2KcTR1kSKs1rVbTqH//WdtvJSexS33fsTTOq3yfUWvUczqhujyaFc+omawC9YyRBg==",
      "license": "MIT",
      "dependencies": {
        "@braintree/uuid": "^1.0.0"
      }
    },
    "node_modules/jwt-decode": {
      "version": "4.0.0",
      "resolved": "https://registry.npmjs.org/jwt-decode/-/jwt-decode-4.0.0.tgz",
      "integrity": "sha512-+KJGIyHgkGuIq3IEBNftfhW/LfWhXUIY6OmyVWjliu5KH1y0fw7VQ8YndE2O4qZdMSd9SqbnC8GOcZEy0Om7sA==",
      "license": "MIT",
      "engines": {
        "node": ">=18"
      }
    },
    "node_modules/lodash": {
      "version": "4.17.21",
      "resolved": "https://registry.npmjs.org/lodash/-/lodash-4.17.21.tgz",
      "integrity": "sha512-v2kDEe57lecTulaDIuNTPy3Ry4gLGJ6Z1O3vE1krgXZNrsQ+LFTGHVxVjcXPs17LhbZVGedAJv8XZ1tvj5FvSg==",
      "license": "MIT"
    }
  }
}
